
Microsoft Visual Studio Solution File, Format Version 12.00
# Visual Studio Version 16
VisualStudioVersion = 16.0.30804.86
MinimumVisualStudioVersion = 10.0.40219.1
Project("{FAE04EC0-301F-11D3-BF4B-00C04F79EFBC}") = "CDE.Application", "CDE.Application\CDE.Application.csproj", "{DF874A4F-82BF-4D93-AB47-7775ACB156D5}"
EndProject
Global
	GlobalSection(SolutionConfigurationPlatforms) = preSolution
		Debug|Any CPU = Debug|Any CPU
		Release|Any CPU = Release|Any CPU
	EndGlobalSection
	GlobalSection(ProjectConfigurationPlatforms) = postSolution
		{DF874A4F-82BF-4D93-AB47-7775ACB156D5}.Debug|Any CPU.ActiveCfg = Debug|Any CPU
		{DF874A4F-82BF-4D93-AB47-7775ACB156D5}.Debug|Any CPU.Build.0 = Debug|Any CPU
		{DF874A4F-82BF-4D93-AB47-7775ACB156D5}.Release|Any CPU.ActiveCfg = Release|Any CPU
		{DF874A4F-82BF-4D93-AB47-7775ACB156D5}.Release|Any CPU.Build.0 = Release|Any CPU
	EndGlobalSection
	GlobalSection(SolutionProperties) = preSolution
		HideSolutionNode = FALSE
	EndGlobalSection
	GlobalSection(ExtensibilityGlobals) = postSolution
		SolutionGuid = {BFEBB9E2-DDC4-40DC-9D69-39C6A4E17FAA}
	EndGlobalSection
EndGlobal
